
Microsoft Visual Studio Solution File, Format Version 12.00
# Visual Studio 14
VisualStudioVersion = 14.0.25420.1
MinimumVisualStudioVersion = 10.0.40219.1
Project("{E24C65DC-7377-472B-9ABA-BC803B73C61A}") = "material-rtl1", ".", "{8ED80DCD-5861-4ED4-B088-68F58FD9FDA4}"
	ProjectSection(WebsiteProperties) = preProject
		TargetFrameworkMoniker = ".NETFramework,Version%3Dv4.6"
		Debug.AspNetCompiler.VirtualPath = "/localhost_63748"
		Debug.AspNetCompiler.PhysicalPath = "..\material-rtl1\"
		Debug.AspNetCompiler.TargetPath = "PrecompiledWeb\localhost_63748\"
		Debug.AspNetCompiler.Updateable = "true"
		Debug.AspNetCompiler.ForceOverwrite = "true"
		Debug.AspNetCompiler.FixedNames = "false"
		Debug.AspNetCompiler.Debug = "True"
		Release.AspNetCompiler.VirtualPath = "/localhost_63748"
		Release.AspNetCompiler.PhysicalPath = "..\material-rtl1\"
		Release.AspNetCompiler.TargetPath = "PrecompiledWeb\localhost_63748\"
		Release.AspNetCompiler.Updateable = "true"
		Release.AspNetCompiler.ForceOverwrite = "true"
		Release.AspNetCompiler.FixedNames = "false"
		Release.AspNetCompiler.Debug = "False"
		VWDPort = "63748"
		SlnRelativePath = "..\material-rtl1\"
		DefaultWebSiteLanguage = "Visual C#"
	EndProjectSection
EndProject
Global
	GlobalSection(SolutionConfigurationPlatforms) = preSolution
		Debug|Any CPU = Debug|Any CPU
	EndGlobalSection
	GlobalSection(ProjectConfigurationPlatforms) = postSolution
		{8ED80DCD-5861-4ED4-B088-68F58FD9FDA4}.Debug|Any CPU.ActiveCfg = Debug|Any CPU
		{8ED80DCD-5861-4ED4-B088-68F58FD9FDA4}.Debug|Any CPU.Build.0 = Debug|Any CPU
	EndGlobalSection
	GlobalSection(SolutionProperties) = preSolution
		HideSolutionNode = FALSE
	EndGlobalSection
EndGlobal
